
Microsoft Visual Studio Solution File, Format Version 12.00
Project("{FAE04EC0-301F-11D3-BF4B-00C04F79EFBC}") = "DotnetConfiguration", "DotnetConfiguration\DotnetConfiguration.csproj", "{1849224C-9D84-47D1-9C0A-42C600518475}"
EndProject
Global
	GlobalSection(SolutionConfigurationPlatforms) = preSolution
		Debug|Any CPU = Debug|Any CPU
		Release|Any CPU = Release|Any CPU
	EndGlobalSection
	GlobalSection(ProjectConfigurationPlatforms) = postSolution
		{1849224C-9D84-47D1-9C0A-42C600518475}.Debug|Any CPU.ActiveCfg = Debug|Any CPU
		{1849224C-9D84-47D1-9C0A-42C600518475}.Debug|Any CPU.Build.0 = Debug|Any CPU
		{1849224C-9D84-47D1-9C0A-42C600518475}.Release|Any CPU.ActiveCfg = Release|Any CPU
		{1849224C-9D84-47D1-9C0A-42C600518475}.Release|Any CPU.Build.0 = Release|Any CPU
	EndGlobalSection
EndGlobal
